
Microsoft Visual Studio Solution File, Format Version 12.00
# Visual Studio Version 16
VisualStudioVersion = 16.0.33801.447
MinimumVisualStudioVersion = 10.0.40219.1
Project("{FAE04EC0-301F-11D3-BF4B-00C04F79EFBC}") = "PalindromGame", "PalindromGame.csproj", "{76DC70E8-D487-4634-9E19-2397D8FA90C8}"
EndProject
Global
	GlobalSection(SolutionConfigurationPlatforms) = preSolution
		Debug|Any CPU = Debug|Any CPU
		Release|Any CPU = Release|Any CPU
	EndGlobalSection
	GlobalSection(ProjectConfigurationPlatforms) = postSolution
		{76DC70E8-D487-4634-9E19-2397D8FA90C8}.Debug|Any CPU.ActiveCfg = Debug|Any CPU
		{76DC70E8-D487-4634-9E19-2397D8FA90C8}.Debug|Any CPU.Build.0 = Debug|Any CPU
		{76DC70E8-D487-4634-9E19-2397D8FA90C8}.Release|Any CPU.ActiveCfg = Release|Any CPU
		{76DC70E8-D487-4634-9E19-2397D8FA90C8}.Release|Any CPU.Build.0 = Release|Any CPU
	EndGlobalSection
	GlobalSection(SolutionProperties) = preSolution
		HideSolutionNode = FALSE
	EndGlobalSection
	GlobalSection(ExtensibilityGlobals) = postSolution
		SolutionGuid = {0F2FF1D1-FAC5-477B-BFC8-83E42A086E53}
	EndGlobalSection
EndGlobal
